<?xml version="1.0" encoding="utf-8"?>
<Project ToolsVersion="4.0" xmlns="http://schemas.microsoft.com/developer/msbuild/2003">
  <ItemGroup>
    <Filter Include="Source Files">
      <UniqueIdentifier>{4FC737F1-C7A5-4376-A066-2A32D752A2FF}</UniqueIdentifier>
      <Extensions>cpp;c;cc;cxx;def;odl;idl;hpj;bat;asm;asmx</Extensions>
    </Filter>
    <Filter Include="Header Files">
      <UniqueIdentifier>{93995380-89BD-4b04-88EB-625FBE52EBFB}</UniqueIdentifier>
      <Extensions>h;hpp;hxx;hm;inl;inc;xsd</Extensions>
    </Filter>
    <Filter Include="Resource Files">
      <UniqueIdentifier>{67DA6AB6-F800-4c08-8B7A-83BB121AAD01}</UniqueIdentifier>
      <Extensions>rc;ico;cur;bmp;dlg;rc2;rct;bin;rgs;gif;jpg;jpeg;jpe;resx;tiff;tif;png;wav;mfcribbon-ms</Extensions>
    </Filter>
  </ItemGroup>
  <ItemGroup>
    <ClInclude Include="Game.h">
      <Filter>Header Files</Filter>
    </ClInclude>
    <ClInclude Include="HorizontalScrollingBackground.h">
      <Filter>Header Files</Filter>
    </ClInclude>
    <ClInclude Include="resource.h">
      <Filter>Header Files</Filter>
    </ClInclude>
    <ClInclude Include="resource1.h">
      <Filter>Header Files</Filter>
    </ClInclude>
    <ClInclude Include="Sprite.h">
      <Filter>Header Files</Filter>
    </ClInclude>
    <ClInclude Include="Timer.h">
      <Filter>Header Files</Filter>
    </ClInclude>
    <ClInclude Include="Entity.h">
      <Filter>Header Files</Filter>
    </ClInclude>
    <ClInclude Include="Player.h">
      <Filter>Header Files</Filter>
    </ClInclude>
    <ClInclude Include="Bullet.h">
      <Filter>Header Files</Filter>
    </ClInclude>
    <ClInclude Include="DrawPrimitives.h">
      <Filter>Header Files</Filter>
    </ClInclude>
    <ClInclude Include="MiscGameResources.h">
      <Filter>Header Files</Filter>
    </ClInclude>
    <ClInclude Include="TileMap.h">
      <Filter>Header Files</Filter>
    </ClInclude>
    <ClInclude Include="GenericMethods.h">
      <Filter>Header Files</Filter>
    </ClInclude>
    <ClInclude Include="ICollidable.h">
      <Filter>Header Files</Filter>
    </ClInclude>
    <ClInclude Include="Enemy.h">
      <Filter>Header Files</Filter>
    </ClInclude>
    <ClInclude Include="Level.h">
      <Filter>Header Files</Filter>
    </ClInclude>
    <ClInclude Include="State.h">
      <Filter>Header Files</Filter>
    </ClInclude>
    <ClInclude Include="GameplayState.h">
      <Filter>Header Files</Filter>
    </ClInclude>
    <ClInclude Include="MainMenuState.h">
      <Filter>Header Files</Filter>
    </ClInclude>
    <ClInclude Include="StateManager.h">
      <Filter>Header Files</Filter>
    </ClInclude>
    <ClInclude Include="Button.h">
      <Filter>Header Files</Filter>
    </ClInclude>
    <ClInclude Include="IButtonListener.h">
      <Filter>Header Files</Filter>
    </ClInclude>
    <ClInclude Include="ButtonEvent.h">
      <Filter>Header Files</Filter>
    </ClInclude>
    <ClInclude Include="StaticBackground.h">
      <Filter>Header Files</Filter>
    </ClInclude>
    <ClInclude Include="GameplayUI.h">
      <Filter>Header Files</Filter>
    </ClInclude>
    <ClInclude Include="GameOverState.h">
      <Filter>Header Files</Filter>
    </ClInclude>
    <ClInclude Include="StaticCollidable.h">
      <Filter>Header Files</Filter>
    </ClInclude>
    <ClInclude Include="Exit.h">
      <Filter>Header Files</Filter>
    </ClInclude>
    <ClInclude Include="NeutralMob.h">
      <Filter>Header Files</Filter>
    </ClInclude>
    <ClInclude Include="I_Interactable.h">
      <Filter>Header Files</Filter>
    </ClInclude>
    <ClInclude Include="OptionsMenuState.h">
      <Filter>Header Files</Filter>
    </ClInclude>
    <ClInclude Include="SoundManager.h">
      <Filter>Header Files</Filter>
    </ClInclude>
    <ClInclude Include="Weapon.h">
      <Filter>Header Files</Filter>
    </ClInclude>
    <ClInclude Include="Trigger.h">
      <Filter>Header Files</Filter>
    </ClInclude>
    <ClInclude Include="InputManager.h">
      <Filter>Header Files</Filter>
    </ClInclude>
    <ClInclude Include="KeyBindingsMenuState.h">
      <Filter>Header Files</Filter>
    </ClInclude>
    <ClInclude Include="IKeyListener.h">
      <Filter>Header Files</Filter>
    </ClInclude>
    <ClInclude Include="KeyEvent.h">
      <Filter>Header Files</Filter>
    </ClInclude>
    <ClInclude Include="IMouseListener.h">
      <Filter>Header Files</Filter>
    </ClInclude>
    <ClInclude Include="MouseClickEvent.h">
      <Filter>Header Files</Filter>
    </ClInclude>
    <ClInclude Include="SaveFileManager.h">
      <Filter>Header Files</Filter>
    </ClInclude>
    <ClInclude Include="LevelTransitionState.h">
      <Filter>Header Files</Filter>
    </ClInclude>
    <ClInclude Include="Prompt.h">
      <Filter>Header Files</Filter>
    </ClInclude>
    <ClInclude Include="SaveLoadMenuState.h">
      <Filter>Header Files</Filter>
    </ClInclude>
    <ClInclude Include="SaveMenuState.h">
      <Filter>Header Files</Filter>
    </ClInclude>
    <ClInclude Include="LoadMenuState.h">
      <Filter>Header Files</Filter>
    </ClInclude>
    <ClInclude Include="PickUp.h">
      <Filter>Header Files</Filter>
    </ClInclude>
    <ClInclude Include="Doodad.h">
      <Filter>Header Files</Filter>
    </ClInclude>
    <ClInclude Include="CreditsState.h">
      <Filter>Header Files</Filter>
    </ClInclude>
    <ClInclude Include="SplashScreenState.h">
      <Filter>Header Files</Filter>
    </ClInclude>
    <ClInclude Include="Grenade.h">
      <Filter>Header Files</Filter>
    </ClInclude>
    <ClInclude Include="SubBoss.h">
      <Filter>Header Files</Filter>
    </ClInclude>
    <ClInclude Include="Bruiser.h">
      <Filter>Header Files</Filter>
    </ClInclude>
    <ClInclude Include="DocMaybe.h">
      <Filter>Header Files</Filter>
    </ClInclude>
    <ClInclude Include="EndingState.h">
      <Filter>Header Files</Filter>
    </ClInclude>
  </ItemGroup>
  <ItemGroup>
    <ClCompile Include="Game.cpp">
      <Filter>Source Files</Filter>
    </ClCompile>
    <ClCompile Include="HorizontalScrollingBackground.cpp">
      <Filter>Source Files</Filter>
    </ClCompile>
    <ClCompile Include="main.cpp">
      <Filter>Source Files</Filter>
    </ClCompile>
    <ClCompile Include="Sprite.cpp">
      <Filter>Source Files</Filter>
    </ClCompile>
    <ClCompile Include="Timer.cpp">
      <Filter>Source Files</Filter>
    </ClCompile>
    <ClCompile Include="Player.cpp">
      <Filter>Source Files</Filter>
    </ClCompile>
    <ClCompile Include="Bullet.cpp">
      <Filter>Source Files</Filter>
    </ClCompile>
    <ClCompile Include="DrawPrimitives.cpp">
      <Filter>Source Files</Filter>
    </ClCompile>
    <ClCompile Include="TileMap.cpp">
      <Filter>Source Files</Filter>
    </ClCompile>
    <ClCompile Include="GenericMethods.cpp">
      <Filter>Source Files</Filter>
    </ClCompile>
    <ClCompile Include="ICollidable.cpp">
      <Filter>Source Files</Filter>
    </ClCompile>
    <ClCompile Include="Enemy.cpp">
      <Filter>Source Files</Filter>
    </ClCompile>
    <ClCompile Include="Level.cpp">
      <Filter>Source Files</Filter>
    </ClCompile>
    <ClCompile Include="GameplayState.cpp">
      <Filter>Source Files</Filter>
    </ClCompile>
    <ClCompile Include="MainMenuState.cpp">
      <Filter>Source Files</Filter>
    </ClCompile>
    <ClCompile Include="StateManager.cpp">
      <Filter>Source Files</Filter>
    </ClCompile>
    <ClCompile Include="Button.cpp">
      <Filter>Source Files</Filter>
    </ClCompile>
    <ClCompile Include="ButtonEvent.cpp">
      <Filter>Source Files</Filter>
    </ClCompile>
    <ClCompile Include="StaticBackground.cpp">
      <Filter>Source Files</Filter>
    </ClCompile>
    <ClCompile Include="GameplayUI.cpp">
      <Filter>Source Files</Filter>
    </ClCompile>
    <ClCompile Include="GameOverState.cpp">
      <Filter>Source Files</Filter>
    </ClCompile>
    <ClCompile Include="StaticCollidable.cpp">
      <Filter>Source Files</Filter>
    </ClCompile>
    <ClCompile Include="Exit.cpp">
      <Filter>Source Files</Filter>
    </ClCompile>
    <ClCompile Include="NeutralMob.cpp">
      <Filter>Source Files</Filter>
    </ClCompile>
    <ClCompile Include="OptionsMenuState.cpp">
      <Filter>Source Files</Filter>
    </ClCompile>
    <ClCompile Include="SoundManager.cpp">
      <Filter>Source Files</Filter>
    </ClCompile>
    <ClCompile Include="Weapon.cpp">
      <Filter>Source Files</Filter>
    </ClCompile>
    <ClCompile Include="Trigger.cpp">
      <Filter>Source Files</Filter>
    </ClCompile>
    <ClCompile Include="InputManager.cpp">
      <Filter>Source Files</Filter>
    </ClCompile>
    <ClCompile Include="KeyBindingsMenuState.cpp">
      <Filter>Source Files</Filter>
    </ClCompile>
    <ClCompile Include="KeyEvent.cpp">
      <Filter>Source Files</Filter>
    </ClCompile>
    <ClCompile Include="MouseClickEvent.cpp">
      <Filter>Source Files</Filter>
    </ClCompile>
    <ClCompile Include="SaveFileManager.cpp">
      <Filter>Source Files</Filter>
    </ClCompile>
    <ClCompile Include="LevelTransitionState.cpp">
      <Filter>Source Files</Filter>
    </ClCompile>
    <ClCompile Include="Prompt.cpp">
      <Filter>Source Files</Filter>
    </ClCompile>
    <ClCompile Include="SaveLoadMenuState.cpp">
      <Filter>Source Files</Filter>
    </ClCompile>
    <ClCompile Include="SaveMenuState.cpp">
      <Filter>Source Files</Filter>
    </ClCompile>
    <ClCompile Include="LoadMenuState.cpp">
      <Filter>Source Files</Filter>
    </ClCompile>
    <ClCompile Include="PickUp.cpp">
      <Filter>Source Files</Filter>
    </ClCompile>
    <ClCompile Include="Doodad.cpp">
      <Filter>Source Files</Filter>
    </ClCompile>
    <ClCompile Include="CreditsState.cpp">
      <Filter>Source Files</Filter>
    </ClCompile>
    <ClCompile Include="SplashScreenState.cpp">
      <Filter>Source Files</Filter>
    </ClCompile>
    <ClCompile Include="Grenade.cpp">
      <Filter>Source Files</Filter>
    </ClCompile>
    <ClCompile Include="SubBoss.cpp">
      <Filter>Source Files</Filter>
    </ClCompile>
    <ClCompile Include="Bruiser.cpp">
      <Filter>Source Files</Filter>
    </ClCompile>
    <ClCompile Include="DocMaybe.cpp">
      <Filter>Source Files</Filter>
    </ClCompile>
    <ClCompile Include="EndingState.cpp">
      <Filter>Source Files</Filter>
    </ClCompile>
  </ItemGroup>
</Project>